
Microsoft Visual Studio Solution File, Format Version 12.00
# Visual Studio 15
VisualStudioVersion = 15.0.27130.2024
MinimumVisualStudioVersion = 10.0.40219.1
Project("{FAE04EC0-301F-11D3-BF4B-00C04F79EFBC}") = "NodeBot", "NodeBot\NodeBot.csproj", "{32AC11C8-81C9-4B49-9291-4775B7ABE0AD}"
EndProject
Global
	GlobalSection(SolutionConfigurationPlatforms) = preSolution
		Debug|Any CPU = Debug|Any CPU
		Release|Any CPU = Release|Any CPU
	EndGlobalSection
	GlobalSection(ProjectConfigurationPlatforms) = postSolution
		{32AC11C8-81C9-4B49-9291-4775B7ABE0AD}.Debug|Any CPU.ActiveCfg = Debug|Any CPU
		{32AC11C8-81C9-4B49-9291-4775B7ABE0AD}.Debug|Any CPU.Build.0 = Debug|Any CPU
		{32AC11C8-81C9-4B49-9291-4775B7ABE0AD}.Release|Any CPU.ActiveCfg = Release|Any CPU
		{32AC11C8-81C9-4B49-9291-4775B7ABE0AD}.Release|Any CPU.Build.0 = Release|Any CPU
	EndGlobalSection
	GlobalSection(SolutionProperties) = preSolution
		HideSolutionNode = FALSE
	EndGlobalSection
	GlobalSection(ExtensibilityGlobals) = postSolution
		SolutionGuid = {67723828-8C9C-4EBE-A250-4FD42D428962}
	EndGlobalSection
EndGlobal
